{
  "name": "company-news",
  "version": "1.0.0",
  "lockfileVersion": 2,
  "requires": true,
  "packages": {
    "": {
      "version": "1.0.0",
      "license": "ISC",
      "dependencies": {
        "dotenv": "^9.0.1"
      }
    },
    "node_modules/dotenv": {
      "version": "9.0.1",
      "resolved": "https://registry.npmjs.org/dotenv/-/dotenv-9.0.1.tgz",
      "integrity": "sha512-W8FNeNnnvJoYfgkFRKzp8kTgz0T2YY4TJ9xy1Ma0hSebPTK8iquRtpG12TUrSTX5zIN9D/wSLEEuI+Ad35tlyw==",
      "engines": {
        "node": ">=10"
      }
    }
  },
  "dependencies": {
    "dotenv": {
      "version": "9.0.1",
      "resolved": "https://registry.npmjs.org/dotenv/-/dotenv-9.0.1.tgz",
      "integrity": "sha512-W8FNeNnnvJoYfgkFRKzp8kTgz0T2YY4TJ9xy1Ma0hSebPTK8iquRtpG12TUrSTX5zIN9D/wSLEEuI+Ad35tlyw=="
    }
  }
}
